// !$*UTF8*$!
{
	archiveVersion = 1;
	classes = {
	};
	objectVersion = 50;
	objects = {

/* Begin PBXBuildFile section */
		2AC84C9625075AA600F8D304 /* AppDelegate.swift in Sources */ = {isa = PBXBuildFile; fileRef = 2AC84C9525075AA600F8D304 /* AppDelegate.swift */; };
		2AC84C9825075AA600F8D304 /* SceneDelegate.swift in Sources */ = {isa = PBXBuildFile; fileRef = 2AC84C9725075AA600F8D304 /* SceneDelegate.swift */; };
		2AC84C9A25075AA600F8D304 /* ViewController.swift in Sources */ = {isa = PBXBuildFile; fileRef = 2AC84C9925075AA600F8D304 /* ViewController.swift */; };
		2AC84C9D25075AA600F8D304 /* Main.storyboard in Resources */ = {isa = PBXBuildFile; fileRef = 2AC84C9B25075AA600F8D304 /* Main.storyboard */; };
		2AC84C9F25075AA700F8D304 /* Assets.xcassets in Resources */ = {isa = PBXBuildFile; fileRef = 2AC84C9E25075AA700F8D304 /* Assets.xcassets */; };
		2AC84CA225075AA700F8D304 /* LaunchScreen.storyboard in Resources */ = {isa = PBXBuildFile; fileRef = 2AC84CA025075AA700F8D304 /* LaunchScreen.storyboard */; };
		2AC84CAD25075AA700F8D304 /* __4ISpy_lab_Tests.swift in Sources */ = {isa = PBXBuildFile; fileRef = 2AC84CAC25075AA700F8D304 /* __4ISpy_lab_Tests.swift */; };
		2AC84CB825075AA700F8D304 /* __4ISpy_lab_UITests.swift in Sources */ = {isa = PBXBuildFile; fileRef = 2AC84CB725075AA700F8D304 /* __4ISpy_lab_UITests.swift */; };
/* End PBXBuildFile section */

/* Begin PBXContainerItemProxy section */
		2AC84CA925075AA700F8D304 /* PBXContainerItemProxy */ = {
			isa = PBXContainerItemProxy;
			containerPortal = 2AC84C8A25075AA600F8D304 /* Project object */;
			proxyType = 1;
			remoteGlobalIDString = 2AC84C9125075AA600F8D304;
			remoteInfo = "4.4ISpy-lab-";
		};
		2AC84CB425075AA700F8D304 /* PBXContainerItemProxy */ = {
			isa = PBXContainerItemProxy;
			containerPortal = 2AC84C8A25075AA600F8D304 /* Project object */;
			proxyType = 1;
			remoteGlobalIDString = 2AC84C9125075AA600F8D304;
			remoteInfo = "4.4ISpy-lab-";
		};
/* End PBXContainerItemProxy section */

/* Begin PBXFileReference section */
		2AC84C9225075AA600F8D304 /* 4.4ISpy-lab-.app */ = {isa = PBXFileReference; explicitFileType = wrapper.application; includeInIndex = 0; path = "4.4ISpy-lab-.app"; sourceTree = BUILT_PRODUCTS_DIR; };
		2AC84C9525075AA600F8D304 /* AppDelegate.swift */ = {isa = PBXFileReference; lastKnownFileType = sourcecode.swift; path = AppDelegate.swift; sourceTree = "<group>"; };
		2AC84C9725075AA600F8D304 /* SceneDelegate.swift */ = {isa = PBXFileReference; lastKnownFileType = sourcecode.swift; path = SceneDelegate.swift; sourceTree = "<group>"; };
		2AC84C9925075AA600F8D304 /* ViewController.swift */ = {isa = PBXFileReference; lastKnownFileType = sourcecode.swift; path = ViewController.swift; sourceTree = "<group>"; };
		2AC84C9C25075AA600F8D304 /* Base */ = {isa = PBXFileReference; lastKnownFileType = file.storyboard; name = Base; path = Base.lproj/Main.storyboard; sourceTree = "<group>"; };
		2AC84C9E25075AA700F8D304 /* Assets.xcassets */ = {isa = PBXFileReference; lastKnownFileType = folder.assetcatalog; path = Assets.xcassets; sourceTree = "<group>"; };
		2AC84CA125075AA700F8D304 /* Base */ = {isa = PBXFileReference; lastKnownFileType = file.storyboard; name = Base; path = Base.lproj/LaunchScreen.storyboard; sourceTree = "<group>"; };
		2AC84CA325075AA700F8D304 /* Info.plist */ = {isa = PBXFileReference; lastKnownFileType = text.plist.xml; path = Info.plist; sourceTree = "<group>"; };
		2AC84CA825075AA700F8D304 /* 4.4ISpy-lab-Tests.xctest */ = {isa = PBXFileReference; explicitFileType = wrapper.cfbundle; includeInIndex = 0; path = "4.4ISpy-lab-Tests.xctest"; sourceTree = BUILT_PRODUCTS_DIR; };
		2AC84CAC25075AA700F8D304 /* __4ISpy_lab_Tests.swift */ = {isa = PBXFileReference; lastKnownFileType = sourcecode.swift; path = __4ISpy_lab_Tests.swift; sourceTree = "<group>"; };
		2AC84CAE25075AA700F8D304 /* Info.plist */ = {isa = PBXFileReference; lastKnownFileType = text.plist.xml; path = Info.plist; sourceTree = "<group>"; };
		2AC84CB325075AA700F8D304 /* 4.4ISpy-lab-UITests.xctest */ = {isa = PBXFileReference; explicitFileType = wrapper.cfbundle; includeInIndex = 0; path = "4.4ISpy-lab-UITests.xctest"; sourceTree = BUILT_PRODUCTS_DIR; };
		2AC84CB725075AA700F8D304 /* __4ISpy_lab_UITests.swift */ = {isa = PBXFileReference; lastKnownFileType = sourcecode.swift; path = __4ISpy_lab_UITests.swift; sourceTree = "<group>"; };
		2AC84CB925075AA700F8D304 /* Info.plist */ = {isa = PBXFileReference; lastKnownFileType = text.plist.xml; path = Info.plist; sourceTree = "<group>"; };
/* End PBXFileReference section */

/* Begin PBXFrameworksBuildPhase section */
		2AC84C8F25075AA600F8D304 /* Frameworks */ = {
			isa = PBXFrameworksBuildPhase;
			buildActionMask = 2147483647;
			files = (
			);
			runOnlyForDeploymentPostprocessing = 0;
		};
		2AC84CA525075AA700F8D304 /* Frameworks */ = {
			isa = PBXFrameworksBuildPhase;
			buildActionMask = 2147483647;
			files = (
			);
			runOnlyForDeploymentPostprocessing = 0;
		};
		2AC84CB025075AA700F8D304 /* Frameworks */ = {
			isa = PBXFrameworksBuildPhase;
			buildActionMask = 2147483647;
			files = (
			);
			runOnlyForDeploymentPostprocessing = 0;
		};
/* End PBXFrameworksBuildPhase section */

/* Begin PBXGroup section */
		2AC84C8925075AA600F8D304 = {
			isa = PBXGroup;
			children = (
				2AC84C9425075AA600F8D304 /* 4.4ISpy-lab- */,
				2AC84CAB25075AA700F8D304 /* 4.4ISpy-lab-Tests */,
				2AC84CB625075AA700F8D304 /* 4.4ISpy-lab-UITests */,
				2AC84C9325075AA600F8D304 /* Products */,
			);
			sourceTree = "<group>";
		};
		2AC84C9325075AA600F8D304 /* Products */ = {
			isa = PBXGroup;
			children = (
				2AC84C9225075AA600F8D304 /* 4.4ISpy-lab-.app */,
				2AC84CA825075AA700F8D304 /* 4.4ISpy-lab-Tests.xctest */,
				2AC84CB325075AA700F8D304 /* 4.4ISpy-lab-UITests.xctest */,
			);
			name = Products;
			sourceTree = "<group>";
		};
		2AC84C9425075AA600F8D304 /* 4.4ISpy-lab- */ = {
			isa = PBXGroup;
			children = (
				2AC84C9525075AA600F8D304 /* AppDelegate.swift */,
				2AC84C9725075AA600F8D304 /* SceneDelegate.swift */,
				2AC84C9925075AA600F8D304 /* ViewController.swift */,
				2AC84C9B25075AA600F8D304 /* Main.storyboard */,
				2AC84C9E25075AA700F8D304 /* Assets.xcassets */,
				2AC84CA025075AA700F8D304 /* LaunchScreen.storyboard */,
				2AC84CA325075AA700F8D304 /* Info.plist */,
			);
			path = "4.4ISpy-lab-";
			sourceTree = "<group>";
		};
		2AC84CAB25075AA700F8D304 /* 4.4ISpy-lab-Tests */ = {
			isa = PBXGroup;
			children = (
				2AC84CAC25075AA700F8D304 /* __4ISpy_lab_Tests.swift */,
				2AC84CAE25075AA700F8D304 /* Info.plist */,
			);
			path = "4.4ISpy-lab-Tests";
			sourceTree = "<group>";
		};
		2AC84CB625075AA700F8D304 /* 4.4ISpy-lab-UITests */ = {
			isa = PBXGroup;
			children = (
				2AC84CB725075AA700F8D304 /* __4ISpy_lab_UITests.swift */,
				2AC84CB925075AA700F8D304 /* Info.plist */,
			);
			path = "4.4ISpy-lab-UITests";
			sourceTree = "<group>";
		};
/* End PBXGroup section */

/* Begin PBXNativeTarget section */
		2AC84C9125075AA600F8D304 /* 4.4ISpy-lab- */ = {
			isa = PBXNativeTarget;
			buildConfigurationList = 2AC84CBC25075AA700F8D304 /* Build configuration list for PBXNativeTarget "4.4ISpy-lab-" */;
			buildPhases = (
				2AC84C8E25075AA600F8D304 /* Sources */,
				2AC84C8F25075AA600F8D304 /* Frameworks */,
				2AC84C9025075AA600F8D304 /* Resources */,
			);
			buildRules = (
			);
			dependencies = (
			);
			name = "4.4ISpy-lab-";
			productName = "4.4ISpy-lab-";
			productReference = 2AC84C9225075AA600F8D304 /* 4.4ISpy-lab-.app */;
			productType = "com.apple.product-type.application";
		};
		2AC84CA725075AA700F8D304 /* 4.4ISpy-lab-Tests */ = {
			isa = PBXNativeTarget;
			buildConfigurationList = 2AC84CBF25075AA700F8D304 /* Build configuration list for PBXNativeTarget "4.4ISpy-lab-Tests" */;
			buildPhases = (
				2AC84CA425075AA700F8D304 /* Sources */,
				2AC84CA525075AA700F8D304 /* Frameworks */,
				2AC84CA625075AA700F8D304 /* Resources */,
			);
			buildRules = (
			);
			dependencies = (
				2AC84CAA25075AA700F8D304 /* PBXTargetDependency */,
			);
			name = "4.4ISpy-lab-Tests";
			productName = "4.4ISpy-lab-Tests";
			productReference = 2AC84CA825075AA700F8D304 /* 4.4ISpy-lab-Tests.xctest */;
			productType = "com.apple.product-type.bundle.unit-test";
		};
		2AC84CB225075AA700F8D304 /* 4.4ISpy-lab-UITests */ = {
			isa = PBXNativeTarget;
			buildConfigurationList = 2AC84CC225075AA700F8D304 /* Build configuration list for PBXNativeTarget "4.4ISpy-lab-UITests" */;
			buildPhases = (
				2AC84CAF25075AA700F8D304 /* Sources */,
				2AC84CB025075AA700F8D304 /* Frameworks */,
				2AC84CB125075AA700F8D304 /* Resources */,
			);
			buildRules = (
			);
			dependencies = (
				2AC84CB525075AA700F8D304 /* PBXTargetDependency */,
			);
			name = "4.4ISpy-lab-UITests";
			productName = "4.4ISpy-lab-UITests";
			productReference = 2AC84CB325075AA700F8D304 /* 4.4ISpy-lab-UITests.xctest */;
			productType = "com.apple.product-type.bundle.ui-testing";
		};
/* End PBXNativeTarget section */

/* Begin PBXProject section */
		2AC84C8A25075AA600F8D304 /* Project object */ = {
			isa = PBXProject;
			attributes = {
				LastSwiftUpdateCheck = 1170;
				LastUpgradeCheck = 1170;
				ORGANIZATIONNAME = "Sophie Kim";
				TargetAttributes = {
					2AC84C9125075AA600F8D304 = {
						CreatedOnToolsVersion = 11.7;
					};
					2AC84CA725075AA700F8D304 = {
						CreatedOnToolsVersion = 11.7;
						TestTargetID = 2AC84C9125075AA600F8D304;
					};
					2AC84CB225075AA700F8D304 = {
						CreatedOnToolsVersion = 11.7;
						TestTargetID = 2AC84C9125075AA600F8D304;
					};
				};
			};
			buildConfigurationList = 2AC84C8D25075AA600F8D304 /* Build configuration list for PBXProject "4.4ISpy-lab-" */;
			compatibilityVersion = "Xcode 9.3";
			developmentRegion = en;
			hasScannedForEncodings = 0;
			knownRegions = (
				en,
				Base,
			);
			mainGroup = 2AC84C8925075AA600F8D304;
			productRefGroup = 2AC84C9325075AA600F8D304 /* Products */;
			projectDirPath = "";
			projectRoot = "";
			targets = (
				2AC84C9125075AA600F8D304 /* 4.4ISpy-lab- */,
				2AC84CA725075AA700F8D304 /* 4.4ISpy-lab-Tests */,
				2AC84CB225075AA700F8D304 /* 4.4ISpy-lab-UITests */,
			);
		};
/* End PBXProject section */

/* Begin PBXResourcesBuildPhase section */
		2AC84C9025075AA600F8D304 /* Resources */ = {
			isa = PBXResourcesBuildPhase;
			buildActionMask = 2147483647;
			files = (
				2AC84CA225075AA700F8D304 /* LaunchScreen.storyboard in Resources */,
				2AC84C9F25075AA700F8D304 /* Assets.xcassets in Resources */,
				2AC84C9D25075AA600F8D304 /* Main.storyboard in Resources */,
			);
			runOnlyForDeploymentPostprocessing = 0;
		};
		2AC84CA625075AA700F8D304 /* Resources */ = {
			isa = PBXResourcesBuildPhase;
			buildActionMask = 2147483647;
			files = (
			);
			runOnlyForDeploymentPostprocessing = 0;
		};
		2AC84CB125075AA700F8D304 /* Resources */ = {
			isa = PBXResourcesBuildPhase;
			buildActionMask = 2147483647;
			files = (
			);
			runOnlyForDeploymentPostprocessing = 0;
		};
/* End PBXResourcesBuildPhase section */

/* Begin PBXSourcesBuildPhase section */
		2AC84C8E25075AA600F8D304 /* Sources */ = {
			isa = PBXSourcesBuildPhase;
			buildActionMask = 2147483647;
			files = (
				2AC84C9A25075AA600F8D304 /* ViewController.swift in Sources */,
				2AC84C9625075AA600F8D304 /* AppDelegate.swift in Sources */,
				2AC84C9825075AA600F8D304 /* SceneDelegate.swift in Sources */,
			);
			runOnlyForDeploymentPostprocessing = 0;
		};
		2AC84CA425075AA700F8D304 /* Sources */ = {
			isa = PBXSourcesBuildPhase;
			buildActionMask = 2147483647;
			files = (
				2AC84CAD25075AA700F8D304 /* __4ISpy_lab_Tests.swift in Sources */,
			);
			runOnlyForDeploymentPostprocessing = 0;
		};
		2AC84CAF25075AA700F8D304 /* Sources */ = {
			isa = PBXSourcesBuildPhase;
			buildActionMask = 2147483647;
			files = (
				2AC84CB825075AA700F8D304 /* __4ISpy_lab_UITests.swift in Sources */,
			);
			runOnlyForDeploymentPostprocessing = 0;
		};
/* End PBXSourcesBuildPhase section */

/* Begin PBXTargetDependency section */
		2AC84CAA25075AA700F8D304 /* PBXTargetDependency */ = {
			isa = PBXTargetDependency;
			target = 2AC84C9125075AA600F8D304 /* 4.4ISpy-lab- */;
			targetProxy = 2AC84CA925075AA700F8D304 /* PBXContainerItemProxy */;
		};
		2AC84CB525075AA700F8D304 /* PBXTargetDependency */ = {
			isa = PBXTargetDependency;
			target = 2AC84C9125075AA600F8D304 /* 4.4ISpy-lab- */;
			targetProxy = 2AC84CB425075AA700F8D304 /* PBXContainerItemProxy */;
		};
/* End PBXTargetDependency section */

/* Begin PBXVariantGroup section */
		2AC84C9B25075AA600F8D304 /* Main.storyboard */ = {
			isa = PBXVariantGroup;
			children = (
				2AC84C9C25075AA600F8D304 /* Base */,
			);
			name = Main.storyboard;
			sourceTree = "<group>";
		};
		2AC84CA025075AA700F8D304 /* LaunchScreen.storyboard */ = {
			isa = PBXVariantGroup;
			children = (
				2AC84CA125075AA700F8D304 /* Base */,
			);
			name = LaunchScreen.storyboard;
			sourceTree = "<group>";
		};
/* End PBXVariantGroup section */

/* Begin XCBuildConfiguration section */
		2AC84CBA25075AA700F8D304 /* Debug */ = {
			isa = XCBuildConfiguration;
			buildSettings = {
				ALWAYS_SEARCH_USER_PATHS = NO;
				CLANG_ANALYZER_NONNULL = YES;
				CLANG_ANALYZER_NUMBER_OBJECT_CONVERSION = YES_AGGRESSIVE;
				CLANG_CXX_LANGUAGE_STANDARD = "gnu++14";
				CLANG_CXX_LIBRARY = "libc++";
				CLANG_ENABLE_MODULES = YES;
				CLANG_ENABLE_OBJC_ARC = YES;
				CLANG_ENABLE_OBJC_WEAK = YES;
				CLANG_WARN_BLOCK_CAPTURE_AUTORELEASING = YES;
				CLANG_WARN_BOOL_CONVERSION = YES;
				CLANG_WARN_COMMA = YES;
				CLANG_WARN_CONSTANT_CONVERSION = YES;
				CLANG_WARN_DEPRECATED_OBJC_IMPLEMENTATIONS = YES;
				CLANG_WARN_DIRECT_OBJC_ISA_USAGE = YES_ERROR;
				CLANG_WARN_DOCUMENTATION_COMMENTS = YES;
				CLANG_WARN_EMPTY_BODY = YES;
				CLANG_WARN_ENUM_CONVERSION = YES;
				CLANG_WARN_INFINITE_RECURSION = YES;
				CLANG_WARN_INT_CONVERSION = YES;
				CLANG_WARN_NON_LITERAL_NULL_CONVERSION = YES;
				CLANG_WARN_OBJC_IMPLICIT_RETAIN_SELF = YES;
				CLANG_WARN_OBJC_LITERAL_CONVERSION = YES;
				CLANG_WARN_OBJC_ROOT_CLASS = YES_ERROR;
				CLANG_WARN_RANGE_LOOP_ANALYSIS = YES;
				CLANG_WARN_STRICT_PROTOTYPES = YES;
				CLANG_WARN_SUSPICIOUS_MOVE = YES;
				CLANG_WARN_UNGUARDED_AVAILABILITY = YES_AGGRESSIVE;
				CLANG_WARN_UNREACHABLE_CODE = YES;
				CLANG_WARN__DUPLICATE_METHOD_MATCH = YES;
				COPY_PHASE_STRIP = NO;
				DEBUG_INFORMATION_FORMAT = dwarf;
				ENABLE_STRICT_OBJC_MSGSEND = YES;
				ENABLE_TESTABILITY = YES;
				GCC_C_LANGUAGE_STANDARD = gnu11;
				GCC_DYNAMIC_NO_PIC = NO;
				GCC_NO_COMMON_BLOCKS = YES;
				GCC_OPTIMIZATION_LEVEL = 0;
				GCC_PREPROCESSOR_DEFINITIONS = (
					"DEBUG=1",
					"$(inherited)",
				);
				GCC_WARN_64_TO_32_BIT_CONVERSION = YES;
				GCC_WARN_ABOUT_RETURN_TYPE = YES_ERROR;
				GCC_WARN_UNDECLARED_SELECTOR = YES;
				GCC_WARN_UNINITIALIZED_AUTOS = YES_AGGRESSIVE;
				GCC_WARN_UNUSED_FUNCTION = YES;
				GCC_WARN_UNUSED_VARIABLE = YES;
				IPHONEOS_DEPLOYMENT_TARGET = 13.7;
				MTL_ENABLE_DEBUG_INFO = INCLUDE_SOURCE;
				MTL_FAST_MATH = YES;
				ONLY_ACTIVE_ARCH = YES;
				SDKROOT = iphoneos;
				SWIFT_ACTIVE_COMPILATION_CONDITIONS = DEBUG;
				SWIFT_OPTIMIZATION_LEVEL = "-Onone";
			};
			name = Debug;
		};
		2AC84CBB25075AA700F8D304 /* Release */ = {
			isa = XCBuildConfiguration;
			buildSettings = {
				ALWAYS_SEARCH_USER_PATHS = NO;
				CLANG_ANALYZER_NONNULL = YES;
				CLANG_ANALYZER_NUMBER_OBJECT_CONVERSION = YES_AGGRESSIVE;
				CLANG_CXX_LANGUAGE_STANDARD = "gnu++14";
				CLANG_CXX_LIBRARY = "libc++";
				CLANG_ENABLE_MODULES = YES;
				CLANG_ENABLE_OBJC_ARC = YES;
				CLANG_ENABLE_OBJC_WEAK = YES;
				CLANG_WARN_BLOCK_CAPTURE_AUTORELEASING = YES;
				CLANG_WARN_BOOL_CONVERSION = YES;
				CLANG_WARN_COMMA = YES;
				CLANG_WARN_CONSTANT_CONVERSION = YES;
				CLANG_WARN_DEPRECATED_OBJC_IMPLEMENTATIONS = YES;
				CLANG_WARN_DIRECT_OBJC_ISA_USAGE = YES_ERROR;
				CLANG_WARN_DOCUMENTATION_COMMENTS = YES;
				CLANG_WARN_EMPTY_BODY = YES;
				CLANG_WARN_ENUM_CONVERSION = YES;
				CLANG_WARN_INFINITE_RECURSION = YES;
				CLANG_WARN_INT_CONVERSION = YES;
				CLANG_WARN_NON_LITERAL_NULL_CONVERSION = YES;
				CLANG_WARN_OBJC_IMPLICIT_RETAIN_SELF = YES;
				CLANG_WARN_OBJC_LITERAL_CONVERSION = YES;
				CLANG_WARN_OBJC_ROOT_CLASS = YES_ERROR;
				CLANG_WARN_RANGE_LOOP_ANALYSIS = YES;
				CLANG_WARN_STRICT_PROTOTYPES = YES;
				CLANG_WARN_SUSPICIOUS_MOVE = YES;
				CLANG_WARN_UNGUARDED_AVAILABILITY = YES_AGGRESSIVE;
				CLANG_WARN_UNREACHABLE_CODE = YES;
				CLANG_WARN__DUPLICATE_METHOD_MATCH = YES;
				COPY_PHASE_STRIP = NO;
				DEBUG_INFORMATION_FORMAT = "dwarf-with-dsym";
				ENABLE_NS_ASSERTIONS = NO;
				ENABLE_STRICT_OBJC_MSGSEND = YES;
				GCC_C_LANGUAGE_STANDARD = gnu11;
				GCC_NO_COMMON_BLOCKS = YES;
				GCC_WARN_64_TO_32_BIT_CONVERSION = YES;
				GCC_WARN_ABOUT_RETURN_TYPE = YES_ERROR;
				GCC_WARN_UNDECLARED_SELECTOR = YES;
				GCC_WARN_UNINITIALIZED_AUTOS = YES_AGGRESSIVE;
				GCC_WARN_UNUSED_FUNCTION = YES;
				GCC_WARN_UNUSED_VARIABLE = YES;
				IPHONEOS_DEPLOYMENT_TARGET = 13.7;
				MTL_ENABLE_DEBUG_INFO = NO;
				MTL_FAST_MATH = YES;
				SDKROOT = iphoneos;
				SWIFT_COMPILATION_MODE = wholemodule;
				SWIFT_OPTIMIZATION_LEVEL = "-O";
				VALIDATE_PRODUCT = YES;
			};
			name = Release;
		};
		2AC84CBD25075AA700F8D304 /* Debug */ = {
			isa = XCBuildConfiguration;
			buildSettings = {
				ASSETCATALOG_COMPILER_APPICON_NAME = AppIcon;
				CODE_SIGN_STYLE = Automatic;
				DEVELOPMENT_TEAM = 74DA9KB98N;
				INFOPLIST_FILE = "4.4ISpy-lab-/Info.plist";
				LD_RUNPATH_SEARCH_PATHS = (
					"$(inherited)",
					"@executable_path/Frameworks",
				);
				PRODUCT_BUNDLE_IDENTIFIER = "com.sophiekim.--4ISpy-lab-";
				PRODUCT_NAME = "$(TARGET_NAME)";
				SWIFT_VERSION = 5.0;
				TARGETED_DEVICE_FAMILY = "1,2";
			};
			name = Debug;
		};
		2AC84CBE25075AA700F8D304 /* Release */ = {
			isa = XCBuildConfiguration;
			buildSettings = {
				ASSETCATALOG_COMPILER_APPICON_NAME = AppIcon;
				CODE_SIGN_STYLE = Automatic;
				DEVELOPMENT_TEAM = 74DA9KB98N;
				INFOPLIST_FILE = "4.4ISpy-lab-/Info.plist";
				LD_RUNPATH_SEARCH_PATHS = (
					"$(inherited)",
					"@executable_path/Frameworks",
				);
				PRODUCT_BUNDLE_IDENTIFIER = "com.sophiekim.--4ISpy-lab-";
				PRODUCT_NAME = "$(TARGET_NAME)";
				SWIFT_VERSION = 5.0;
				TARGETED_DEVICE_FAMILY = "1,2";
			};
			name = Release;
		};
		2AC84CC025075AA700F8D304 /* Debug */ = {
			isa = XCBuildConfiguration;
			buildSettings = {
				ALWAYS_EMBED_SWIFT_STANDARD_LIBRARIES = YES;
				BUNDLE_LOADER = "$(TEST_HOST)";
				CODE_SIGN_STYLE = Automatic;
				DEVELOPMENT_TEAM = 74DA9KB98N;
				INFOPLIST_FILE = "4.4ISpy-lab-Tests/Info.plist";
				IPHONEOS_DEPLOYMENT_TARGET = 13.7;
				LD_RUNPATH_SEARCH_PATHS = (
					"$(inherited)",
					"@executable_path/Frameworks",
					"@loader_path/Frameworks",
				);
				PRODUCT_BUNDLE_IDENTIFIER = "com.sophiekim.--4ISpy-lab-Tests";
				PRODUCT_NAME = "$(TARGET_NAME)";
				SWIFT_VERSION = 5.0;
				TARGETED_DEVICE_FAMILY = "1,2";
				TEST_HOST = "$(BUILT_PRODUCTS_DIR)/4.4ISpy-lab-.app/4.4ISpy-lab-";
			};
			name = Debug;
		};
		2AC84CC125075AA700F8D304 /* Release */ = {
			isa = XCBuildConfiguration;
			buildSettings = {
				ALWAYS_EMBED_SWIFT_STANDARD_LIBRARIES = YES;
				BUNDLE_LOADER = "$(TEST_HOST)";
				CODE_SIGN_STYLE = Automatic;
				DEVELOPMENT_TEAM = 74DA9KB98N;
				INFOPLIST_FILE = "4.4ISpy-lab-Tests/Info.plist";
				IPHONEOS_DEPLOYMENT_TARGET = 13.7;
				LD_RUNPATH_SEARCH_PATHS = (
					"$(inherited)",
					"@executable_path/Frameworks",
					"@loader_path/Frameworks",
				);
				PRODUCT_BUNDLE_IDENTIFIER = "com.sophiekim.--4ISpy-lab-Tests";
				PRODUCT_NAME = "$(TARGET_NAME)";
				SWIFT_VERSION = 5.0;
				TARGETED_DEVICE_FAMILY = "1,2";
				TEST_HOST = "$(BUILT_PRODUCTS_DIR)/4.4ISpy-lab-.app/4.4ISpy-lab-";
			};
			name = Release;
		};
		2AC84CC325075AA700F8D304 /* Debug */ = {
			isa = XCBuildConfiguration;
			buildSettings = {
				ALWAYS_EMBED_SWIFT_STANDARD_LIBRARIES = YES;
				CODE_SIGN_STYLE = Automatic;
				DEVELOPMENT_TEAM = 74DA9KB98N;
				INFOPLIST_FILE = "4.4ISpy-lab-UITests/Info.plist";
				LD_RUNPATH_SEARCH_PATHS = (
					"$(inherited)",
					"@executable_path/Frameworks",
					"@loader_path/Frameworks",
				);
				PRODUCT_BUNDLE_IDENTIFIER = "com.sophiekim.--4ISpy-lab-UITests";
				PRODUCT_NAME = "$(TARGET_NAME)";
				SWIFT_VERSION = 5.0;
				TARGETED_DEVICE_FAMILY = "1,2";
				TEST_TARGET_NAME = "4.4ISpy-lab-";
			};
			name = Debug;
		};
		2AC84CC425075AA700F8D304 /* Release */ = {
			isa = XCBuildConfiguration;
			buildSettings = {
				ALWAYS_EMBED_SWIFT_STANDARD_LIBRARIES = YES;
				CODE_SIGN_STYLE = Automatic;
				DEVELOPMENT_TEAM = 74DA9KB98N;
				INFOPLIST_FILE = "4.4ISpy-lab-UITests/Info.plist";
				LD_RUNPATH_SEARCH_PATHS = (
					"$(inherited)",
					"@executable_path/Frameworks",
					"@loader_path/Frameworks",
				);
				PRODUCT_BUNDLE_IDENTIFIER = "com.sophiekim.--4ISpy-lab-UITests";
				PRODUCT_NAME = "$(TARGET_NAME)";
				SWIFT_VERSION = 5.0;
				TARGETED_DEVICE_FAMILY = "1,2";
				TEST_TARGET_NAME = "4.4ISpy-lab-";
			};
			name = Release;
		};
/* End XCBuildConfiguration section */

/* Begin XCConfigurationList section */
		2AC84C8D25075AA600F8D304 /* Build configuration list for PBXProject "4.4ISpy-lab-" */ = {
			isa = XCConfigurationList;
			buildConfigurations = (
				2AC84CBA25075AA700F8D304 /* Debug */,
				2AC84CBB25075AA700F8D304 /* Release */,
			);
			defaultConfigurationIsVisible = 0;
			defaultConfigurationName = Release;
		};
		2AC84CBC25075AA700F8D304 /* Build configuration list for PBXNativeTarget "4.4ISpy-lab-" */ = {
			isa = XCConfigurationList;
			buildConfigurations = (
				2AC84CBD25075AA700F8D304 /* Debug */,
				2AC84CBE25075AA700F8D304 /* Release */,
			);
			defaultConfigurationIsVisible = 0;
			defaultConfigurationName = Release;
		};
		2AC84CBF25075AA700F8D304 /* Build configuration list for PBXNativeTarget "4.4ISpy-lab-Tests" */ = {
			isa = XCConfigurationList;
			buildConfigurations = (
				2AC84CC025075AA700F8D304 /* Debug */,
				2AC84CC125075AA700F8D304 /* Release */,
			);
			defaultConfigurationIsVisible = 0;
			defaultConfigurationName = Release;
		};
		2AC84CC225075AA700F8D304 /* Build configuration list for PBXNativeTarget "4.4ISpy-lab-UITests" */ = {
			isa = XCConfigurationList;
			buildConfigurations = (
				2AC84CC325075AA700F8D304 /* Debug */,
				2AC84CC425075AA700F8D304 /* Release */,
			);
			defaultConfigurationIsVisible = 0;
			defaultConfigurationName = Release;
		};
/* End XCConfigurationList section */
	};
	rootObject = 2AC84C8A25075AA600F8D304 /* Project object */;
}
